// !$*UTF8*$!
{
	archiveVersion = 1;
	classes = {
	};
	objectVersion = 55;
	objects = {

/* Begin PBXBuildFile section */
		C7176F1627F5BE1600F8DF54 /* CryptoTrackerApp.swift in Sources */ = {isa = PBXBuildFile; fileRef = C7176F1527F5BE1600F8DF54 /* CryptoTrackerApp.swift */; };
		C7176F1D27F5BE1900F8DF54 /* Preview Assets.xcassets in Resources */ = {isa = PBXBuildFile; fileRef = C7176F1C27F5BE1900F8DF54 /* Preview Assets.xcassets */; };
		C7176F2427F5BFD400F8DF54 /* Assets.xcassets in Resources */ = {isa = PBXBuildFile; fileRef = C7176F2327F5BFD400F8DF54 /* Assets.xcassets */; };
		C7176F2727F5C0A500F8DF54 /* Color.swift in Sources */ = {isa = PBXBuildFile; fileRef = C7176F2627F5C0A500F8DF54 /* Color.swift */; };
		C72E739927F5EE6900ED7CEB /* HomeViewModel.swift in Sources */ = {isa = PBXBuildFile; fileRef = C72E739827F5EE6900ED7CEB /* HomeViewModel.swift */; };
		C73A1F7A27F9BD4800282D63 /* MarketDataModel.swift in Sources */ = {isa = PBXBuildFile; fileRef = C73A1F7927F9BD4800282D63 /* MarketDataModel.swift */; };
		C73A1F7C27F9C20300282D63 /* MarketDataService.swift in Sources */ = {isa = PBXBuildFile; fileRef = C73A1F7B27F9C20300282D63 /* MarketDataService.swift */; };
		C73A1F7E27F9C89400282D63 /* PortfolioView.swift in Sources */ = {isa = PBXBuildFile; fileRef = C73A1F7D27F9C89400282D63 /* PortfolioView.swift */; };
		C73A1F8027F9D01D00282D63 /* XMarkButton.swift in Sources */ = {isa = PBXBuildFile; fileRef = C73A1F7F27F9D01D00282D63 /* XMarkButton.swift */; };
		C783085427F729D90059FDF1 /* CoinDataService.swift in Sources */ = {isa = PBXBuildFile; fileRef = C783085327F729D90059FDF1 /* CoinDataService.swift */; };
		C783085727F732620059FDF1 /* NetworkingManager.swift in Sources */ = {isa = PBXBuildFile; fileRef = C783085627F732620059FDF1 /* NetworkingManager.swift */; };
		C783085A27F7378D0059FDF1 /* CoinImageView.swift in Sources */ = {isa = PBXBuildFile; fileRef = C783085927F7378D0059FDF1 /* CoinImageView.swift */; };
		C783085C27F738E70059FDF1 /* CoinImageService.swift in Sources */ = {isa = PBXBuildFile; fileRef = C783085B27F738E70059FDF1 /* CoinImageService.swift */; };
		C783085E27F739FD0059FDF1 /* CoinImageViewModel.swift in Sources */ = {isa = PBXBuildFile; fileRef = C783085D27F739FD0059FDF1 /* CoinImageViewModel.swift */; };
		C783086027F740F70059FDF1 /* LocalFileManager.swift in Sources */ = {isa = PBXBuildFile; fileRef = C783085F27F740F70059FDF1 /* LocalFileManager.swift */; };
		C7A7546727F864E5009DC7BC /* SearchBarView.swift in Sources */ = {isa = PBXBuildFile; fileRef = C7A7546627F864E5009DC7BC /* SearchBarView.swift */; };
		C7A7546927F868D6009DC7BC /* UIApplication.swift in Sources */ = {isa = PBXBuildFile; fileRef = C7A7546827F868D6009DC7BC /* UIApplication.swift */; };
		C7A7546B27F8730D009DC7BC /* StatisticModel.swift in Sources */ = {isa = PBXBuildFile; fileRef = C7A7546A27F8730D009DC7BC /* StatisticModel.swift */; };
		C7A7546D27F87464009DC7BC /* StatisticView.swift in Sources */ = {isa = PBXBuildFile; fileRef = C7A7546C27F87464009DC7BC /* StatisticView.swift */; };
		C7B384C727F88131007CDD56 /* HomeStatsView.swift in Sources */ = {isa = PBXBuildFile; fileRef = C7B384C627F88131007CDD56 /* HomeStatsView.swift */; };
		C7E9B4C327F5C2E800422128 /* HomeView.swift in Sources */ = {isa = PBXBuildFile; fileRef = C7E9B4C227F5C2E800422128 /* HomeView.swift */; };
		C7E9B4C727F5C77E00422128 /* CircleButtonView.swift in Sources */ = {isa = PBXBuildFile; fileRef = C7E9B4C627F5C77E00422128 /* CircleButtonView.swift */; };
		C7E9B4C927F5CAD300422128 /* CircleButtonAnimationView.swift in Sources */ = {isa = PBXBuildFile; fileRef = C7E9B4C827F5CAD300422128 /* CircleButtonAnimationView.swift */; };
		C7E9B4CC27F5CE2700422128 /* CoinModel.swift in Sources */ = {isa = PBXBuildFile; fileRef = C7E9B4CB27F5CE2700422128 /* CoinModel.swift */; };
		C7E9B4CE27F5DF8600422128 /* CoinRowView.swift in Sources */ = {isa = PBXBuildFile; fileRef = C7E9B4CD27F5DF8600422128 /* CoinRowView.swift */; };
		C7E9B4D027F5DFE600422128 /* PreviewProvider.swift in Sources */ = {isa = PBXBuildFile; fileRef = C7E9B4CF27F5DFE600422128 /* PreviewProvider.swift */; };
		C7E9B4D227F5E4A100422128 /* Double.swift in Sources */ = {isa = PBXBuildFile; fileRef = C7E9B4D127F5E4A100422128 /* Double.swift */; };
/* End PBXBuildFile section */

/* Begin PBXFileReference section */
		C7176F1227F5BE1600F8DF54 /* CryptoTracker.app */ = {isa = PBXFileReference; explicitFileType = wrapper.application; includeInIndex = 0; path = CryptoTracker.app; sourceTree = BUILT_PRODUCTS_DIR; };
		C7176F1527F5BE1600F8DF54 /* CryptoTrackerApp.swift */ = {isa = PBXFileReference; lastKnownFileType = sourcecode.swift; path = CryptoTrackerApp.swift; sourceTree = "<group>"; };
		C7176F1C27F5BE1900F8DF54 /* Preview Assets.xcassets */ = {isa = PBXFileReference; lastKnownFileType = folder.assetcatalog; path = "Preview Assets.xcassets"; sourceTree = "<group>"; };
		C7176F2327F5BFD400F8DF54 /* Assets.xcassets */ = {isa = PBXFileReference; lastKnownFileType = folder.assetcatalog; name = Assets.xcassets; path = ../../../../Downloads/Resources/Assets.xcassets; sourceTree = "<group>"; };
		C7176F2627F5C0A500F8DF54 /* Color.swift */ = {isa = PBXFileReference; lastKnownFileType = sourcecode.swift; path = Color.swift; sourceTree = "<group>"; };
		C72E739827F5EE6900ED7CEB /* HomeViewModel.swift */ = {isa = PBXFileReference; lastKnownFileType = sourcecode.swift; path = HomeViewModel.swift; sourceTree = "<group>"; };
		C73A1F7927F9BD4800282D63 /* MarketDataModel.swift */ = {isa = PBXFileReference; lastKnownFileType = sourcecode.swift; path = MarketDataModel.swift; sourceTree = "<group>"; };
		C73A1F7B27F9C20300282D63 /* MarketDataService.swift */ = {isa = PBXFileReference; lastKnownFileType = sourcecode.swift; path = MarketDataService.swift; sourceTree = "<group>"; };
		C73A1F7D27F9C89400282D63 /* PortfolioView.swift */ = {isa = PBXFileReference; lastKnownFileType = sourcecode.swift; path = PortfolioView.swift; sourceTree = "<group>"; };
		C73A1F7F27F9D01D00282D63 /* XMarkButton.swift */ = {isa = PBXFileReference; lastKnownFileType = sourcecode.swift; path = XMarkButton.swift; sourceTree = "<group>"; };
		C783085327F729D90059FDF1 /* CoinDataService.swift */ = {isa = PBXFileReference; lastKnownFileType = sourcecode.swift; path = CoinDataService.swift; sourceTree = "<group>"; };
		C783085627F732620059FDF1 /* NetworkingManager.swift */ = {isa = PBXFileReference; lastKnownFileType = sourcecode.swift; path = NetworkingManager.swift; sourceTree = "<group>"; };
		C783085927F7378D0059FDF1 /* CoinImageView.swift */ = {isa = PBXFileReference; lastKnownFileType = sourcecode.swift; path = CoinImageView.swift; sourceTree = "<group>"; };
		C783085B27F738E70059FDF1 /* CoinImageService.swift */ = {isa = PBXFileReference; lastKnownFileType = sourcecode.swift; path = CoinImageService.swift; sourceTree = "<group>"; };
		C783085D27F739FD0059FDF1 /* CoinImageViewModel.swift */ = {isa = PBXFileReference; lastKnownFileType = sourcecode.swift; path = CoinImageViewModel.swift; sourceTree = "<group>"; };
		C783085F27F740F70059FDF1 /* LocalFileManager.swift */ = {isa = PBXFileReference; lastKnownFileType = sourcecode.swift; path = LocalFileManager.swift; sourceTree = "<group>"; };
		C7A7546627F864E5009DC7BC /* SearchBarView.swift */ = {isa = PBXFileReference; lastKnownFileType = sourcecode.swift; path = SearchBarView.swift; sourceTree = "<group>"; };
		C7A7546827F868D6009DC7BC /* UIApplication.swift */ = {isa = PBXFileReference; lastKnownFileType = sourcecode.swift; path = UIApplication.swift; sourceTree = "<group>"; };
		C7A7546A27F8730D009DC7BC /* StatisticModel.swift */ = {isa = PBXFileReference; lastKnownFileType = sourcecode.swift; path = StatisticModel.swift; sourceTree = "<group>"; };
		C7A7546C27F87464009DC7BC /* StatisticView.swift */ = {isa = PBXFileReference; lastKnownFileType = sourcecode.swift; path = StatisticView.swift; sourceTree = "<group>"; };
		C7B384C627F88131007CDD56 /* HomeStatsView.swift */ = {isa = PBXFileReference; lastKnownFileType = sourcecode.swift; path = HomeStatsView.swift; sourceTree = "<group>"; };
		C7E9B4C227F5C2E800422128 /* HomeView.swift */ = {isa = PBXFileReference; lastKnownFileType = sourcecode.swift; path = HomeView.swift; sourceTree = "<group>"; };
		C7E9B4C627F5C77E00422128 /* CircleButtonView.swift */ = {isa = PBXFileReference; lastKnownFileType = sourcecode.swift; path = CircleButtonView.swift; sourceTree = "<group>"; };
		C7E9B4C827F5CAD300422128 /* CircleButtonAnimationView.swift */ = {isa = PBXFileReference; lastKnownFileType = sourcecode.swift; path = CircleButtonAnimationView.swift; sourceTree = "<group>"; };
		C7E9B4CB27F5CE2700422128 /* CoinModel.swift */ = {isa = PBXFileReference; lastKnownFileType = sourcecode.swift; path = CoinModel.swift; sourceTree = "<group>"; };
		C7E9B4CD27F5DF8600422128 /* CoinRowView.swift */ = {isa = PBXFileReference; lastKnownFileType = sourcecode.swift; path = CoinRowView.swift; sourceTree = "<group>"; };
		C7E9B4CF27F5DFE600422128 /* PreviewProvider.swift */ = {isa = PBXFileReference; lastKnownFileType = sourcecode.swift; path = PreviewProvider.swift; sourceTree = "<group>"; };
		C7E9B4D127F5E4A100422128 /* Double.swift */ = {isa = PBXFileReference; lastKnownFileType = sourcecode.swift; path = Double.swift; sourceTree = "<group>"; };
/* End PBXFileReference section */

/* Begin PBXFrameworksBuildPhase section */
		C7176F0F27F5BE1600F8DF54 /* Frameworks */ = {
			isa = PBXFrameworksBuildPhase;
			buildActionMask = 2147483647;
			files = (
			);
			runOnlyForDeploymentPostprocessing = 0;
		};
/* End PBXFrameworksBuildPhase section */

/* Begin PBXGroup section */
		C7176F0927F5BE1600F8DF54 = {
			isa = PBXGroup;
			children = (
				C7176F1427F5BE1600F8DF54 /* CryptoTracker */,
				C7176F1327F5BE1600F8DF54 /* Products */,
			);
			sourceTree = "<group>";
		};
		C7176F1327F5BE1600F8DF54 /* Products */ = {
			isa = PBXGroup;
			children = (
				C7176F1227F5BE1600F8DF54 /* CryptoTracker.app */,
			);
			name = Products;
			sourceTree = "<group>";
		};
		C7176F1427F5BE1600F8DF54 /* CryptoTracker */ = {
			isa = PBXGroup;
			children = (
				C7176F1527F5BE1600F8DF54 /* CryptoTrackerApp.swift */,
				C783085527F732150059FDF1 /* Utilities */,
				C783085227F729B00059FDF1 /* Services */,
				C7176F2527F5C09700F8DF54 /* Extentions */,
				C7E9B4CA27F5CE0900422128 /* Models */,
				C7176F2A27F5C25F00F8DF54 /* Core */,
				C7176F2327F5BFD400F8DF54 /* Assets.xcassets */,
				C7176F1B27F5BE1900F8DF54 /* Preview Content */,
			);
			path = CryptoTracker;
			sourceTree = "<group>";
		};
		C7176F1B27F5BE1900F8DF54 /* Preview Content */ = {
			isa = PBXGroup;
			children = (
				C7176F1C27F5BE1900F8DF54 /* Preview Assets.xcassets */,
			);
			path = "Preview Content";
			sourceTree = "<group>";
		};
		C7176F2527F5C09700F8DF54 /* Extentions */ = {
			isa = PBXGroup;
			children = (
				C7176F2627F5C0A500F8DF54 /* Color.swift */,
				C7E9B4CF27F5DFE600422128 /* PreviewProvider.swift */,
				C7E9B4D127F5E4A100422128 /* Double.swift */,
				C7A7546827F868D6009DC7BC /* UIApplication.swift */,
			);
			path = Extentions;
			sourceTree = "<group>";
		};
		C7176F2A27F5C25F00F8DF54 /* Core */ = {
			isa = PBXGroup;
			children = (
				C7E9B4C427F5C3F300422128 /* Components */,
				C7E9B4BD27F5C2B900422128 /* Home */,
			);
			path = Core;
			sourceTree = "<group>";
		};
		C783085227F729B00059FDF1 /* Services */ = {
			isa = PBXGroup;
			children = (
				C783085327F729D90059FDF1 /* CoinDataService.swift */,
				C783085B27F738E70059FDF1 /* CoinImageService.swift */,
				C73A1F7B27F9C20300282D63 /* MarketDataService.swift */,
			);
			path = Services;
			sourceTree = "<group>";
		};
		C783085527F732150059FDF1 /* Utilities */ = {
			isa = PBXGroup;
			children = (
				C783085627F732620059FDF1 /* NetworkingManager.swift */,
				C783085F27F740F70059FDF1 /* LocalFileManager.swift */,
			);
			path = Utilities;
			sourceTree = "<group>";
		};
		C783085827F737800059FDF1 /* CoinImage */ = {
			isa = PBXGroup;
			children = (
				C783085927F7378D0059FDF1 /* CoinImageView.swift */,
				C783085D27F739FD0059FDF1 /* CoinImageViewModel.swift */,
			);
			path = CoinImage;
			sourceTree = "<group>";
		};
		C7E9B4BD27F5C2B900422128 /* Home */ = {
			isa = PBXGroup;
			children = (
				C7E9B4BF27F5C2CB00422128 /* ViewModels */,
				C7E9B4BE27F5C2C600422128 /* Views */,
			);
			path = Home;
			sourceTree = "<group>";
		};
		C7E9B4BE27F5C2C600422128 /* Views */ = {
			isa = PBXGroup;
			children = (
				C7E9B4C227F5C2E800422128 /* HomeView.swift */,
				C7B384C627F88131007CDD56 /* HomeStatsView.swift */,
				C7E9B4CD27F5DF8600422128 /* CoinRowView.swift */,
				C73A1F7D27F9C89400282D63 /* PortfolioView.swift */,
			);
			path = Views;
			sourceTree = "<group>";
		};
		C7E9B4BF27F5C2CB00422128 /* ViewModels */ = {
			isa = PBXGroup;
			children = (
				C72E739827F5EE6900ED7CEB /* HomeViewModel.swift */,
			);
			path = ViewModels;
			sourceTree = "<group>";
		};
		C7E9B4C427F5C3F300422128 /* Components */ = {
			isa = PBXGroup;
			children = (
				C7A7546627F864E5009DC7BC /* SearchBarView.swift */,
				C7A7546C27F87464009DC7BC /* StatisticView.swift */,
				C73A1F7F27F9D01D00282D63 /* XMarkButton.swift */,
				C783085827F737800059FDF1 /* CoinImage */,
				C7E9B4C527F5C3FF00422128 /* CircleButton */,
			);
			path = Components;
			sourceTree = "<group>";
		};
		C7E9B4C527F5C3FF00422128 /* CircleButton */ = {
			isa = PBXGroup;
			children = (
				C7E9B4C627F5C77E00422128 /* CircleButtonView.swift */,
				C7E9B4C827F5CAD300422128 /* CircleButtonAnimationView.swift */,
			);
			path = CircleButton;
			sourceTree = "<group>";
		};
		C7E9B4CA27F5CE0900422128 /* Models */ = {
			isa = PBXGroup;
			children = (
				C7E9B4CB27F5CE2700422128 /* CoinModel.swift */,
				C7A7546A27F8730D009DC7BC /* StatisticModel.swift */,
				C73A1F7927F9BD4800282D63 /* MarketDataModel.swift */,
			);
			path = Models;
			sourceTree = "<group>";
		};
/* End PBXGroup section */

/* Begin PBXNativeTarget section */
		C7176F1127F5BE1600F8DF54 /* CryptoTracker */ = {
			isa = PBXNativeTarget;
			buildConfigurationList = C7176F2027F5BE1900F8DF54 /* Build configuration list for PBXNativeTarget "CryptoTracker" */;
			buildPhases = (
				C7176F0E27F5BE1600F8DF54 /* Sources */,
				C7176F0F27F5BE1600F8DF54 /* Frameworks */,
				C7176F1027F5BE1600F8DF54 /* Resources */,
			);
			buildRules = (
			);
			dependencies = (
			);
			name = CryptoTracker;
			productName = CryptoTracker;
			productReference = C7176F1227F5BE1600F8DF54 /* CryptoTracker.app */;
			productType = "com.apple.product-type.application";
		};
/* End PBXNativeTarget section */

/* Begin PBXProject section */
		C7176F0A27F5BE1600F8DF54 /* Project object */ = {
			isa = PBXProject;
			attributes = {
				BuildIndependentTargetsInParallel = 1;
				LastSwiftUpdateCheck = 1330;
				LastUpgradeCheck = 1330;
				TargetAttributes = {
					C7176F1127F5BE1600F8DF54 = {
						CreatedOnToolsVersion = 13.3;
					};
				};
			};
			buildConfigurationList = C7176F0D27F5BE1600F8DF54 /* Build configuration list for PBXProject "CryptoTracker" */;
			compatibilityVersion = "Xcode 13.0";
			developmentRegion = en;
			hasScannedForEncodings = 0;
			knownRegions = (
				en,
				Base,
			);
			mainGroup = C7176F0927F5BE1600F8DF54;
			productRefGroup = C7176F1327F5BE1600F8DF54 /* Products */;
			projectDirPath = "";
			projectRoot = "";
			targets = (
				C7176F1127F5BE1600F8DF54 /* CryptoTracker */,
			);
		};
/* End PBXProject section */

/* Begin PBXResourcesBuildPhase section */
		C7176F1027F5BE1600F8DF54 /* Resources */ = {
			isa = PBXResourcesBuildPhase;
			buildActionMask = 2147483647;
			files = (
				C7176F1D27F5BE1900F8DF54 /* Preview Assets.xcassets in Resources */,
				C7176F2427F5BFD400F8DF54 /* Assets.xcassets in Resources */,
			);
			runOnlyForDeploymentPostprocessing = 0;
		};
/* End PBXResourcesBuildPhase section */

/* Begin PBXSourcesBuildPhase section */
		C7176F0E27F5BE1600F8DF54 /* Sources */ = {
			isa = PBXSourcesBuildPhase;
			buildActionMask = 2147483647;
			files = (
				C7A7546B27F8730D009DC7BC /* StatisticModel.swift in Sources */,
				C73A1F7C27F9C20300282D63 /* MarketDataService.swift in Sources */,
				C7A7546D27F87464009DC7BC /* StatisticView.swift in Sources */,
				C7A7546927F868D6009DC7BC /* UIApplication.swift in Sources */,
				C783085E27F739FD0059FDF1 /* CoinImageViewModel.swift in Sources */,
				C783085A27F7378D0059FDF1 /* CoinImageView.swift in Sources */,
				C7E9B4CE27F5DF8600422128 /* CoinRowView.swift in Sources */,
				C73A1F7E27F9C89400282D63 /* PortfolioView.swift in Sources */,
				C72E739927F5EE6900ED7CEB /* HomeViewModel.swift in Sources */,
				C7E9B4C327F5C2E800422128 /* HomeView.swift in Sources */,
				C7176F1627F5BE1600F8DF54 /* CryptoTrackerApp.swift in Sources */,
				C7E9B4C727F5C77E00422128 /* CircleButtonView.swift in Sources */,
				C783086027F740F70059FDF1 /* LocalFileManager.swift in Sources */,
				C7B384C727F88131007CDD56 /* HomeStatsView.swift in Sources */,
				C7176F2727F5C0A500F8DF54 /* Color.swift in Sources */,
				C73A1F7A27F9BD4800282D63 /* MarketDataModel.swift in Sources */,
				C7E9B4C927F5CAD300422128 /* CircleButtonAnimationView.swift in Sources */,
				C7E9B4D027F5DFE600422128 /* PreviewProvider.swift in Sources */,
				C7E9B4D227F5E4A100422128 /* Double.swift in Sources */,
				C783085727F732620059FDF1 /* NetworkingManager.swift in Sources */,
				C7E9B4CC27F5CE2700422128 /* CoinModel.swift in Sources */,
				C73A1F8027F9D01D00282D63 /* XMarkButton.swift in Sources */,
				C783085C27F738E70059FDF1 /* CoinImageService.swift in Sources */,
				C7A7546727F864E5009DC7BC /* SearchBarView.swift in Sources */,
				C783085427F729D90059FDF1 /* CoinDataService.swift in Sources */,
			);
			runOnlyForDeploymentPostprocessing = 0;
		};
/* End PBXSourcesBuildPhase section */

/* Begin XCBuildConfiguration section */
		C7176F1E27F5BE1900F8DF54 /* Debug */ = {
			isa = XCBuildConfiguration;
			buildSettings = {
				ALWAYS_SEARCH_USER_PATHS = NO;
				CLANG_ANALYZER_NONNULL = YES;
				CLANG_ANALYZER_NUMBER_OBJECT_CONVERSION = YES_AGGRESSIVE;
				CLANG_CXX_LANGUAGE_STANDARD = "gnu++17";
				CLANG_ENABLE_MODULES = YES;
				CLANG_ENABLE_OBJC_ARC = YES;
				CLANG_ENABLE_OBJC_WEAK = YES;
				CLANG_WARN_BLOCK_CAPTURE_AUTORELEASING = YES;
				CLANG_WARN_BOOL_CONVERSION = YES;
				CLANG_WARN_COMMA = YES;
				CLANG_WARN_CONSTANT_CONVERSION = YES;
				CLANG_WARN_DEPRECATED_OBJC_IMPLEMENTATIONS = YES;
				CLANG_WARN_DIRECT_OBJC_ISA_USAGE = YES_ERROR;
				CLANG_WARN_DOCUMENTATION_COMMENTS = YES;
				CLANG_WARN_EMPTY_BODY = YES;
				CLANG_WARN_ENUM_CONVERSION = YES;
				CLANG_WARN_INFINITE_RECURSION = YES;
				CLANG_WARN_INT_CONVERSION = YES;
				CLANG_WARN_NON_LITERAL_NULL_CONVERSION = YES;
				CLANG_WARN_OBJC_IMPLICIT_RETAIN_SELF = YES;
				CLANG_WARN_OBJC_LITERAL_CONVERSION = YES;
				CLANG_WARN_OBJC_ROOT_CLASS = YES_ERROR;
				CLANG_WARN_QUOTED_INCLUDE_IN_FRAMEWORK_HEADER = YES;
				CLANG_WARN_RANGE_LOOP_ANALYSIS = YES;
				CLANG_WARN_STRICT_PROTOTYPES = YES;
				CLANG_WARN_SUSPICIOUS_MOVE = YES;
				CLANG_WARN_UNGUARDED_AVAILABILITY = YES_AGGRESSIVE;
				CLANG_WARN_UNREACHABLE_CODE = YES;
				CLANG_WARN__DUPLICATE_METHOD_MATCH = YES;
				COPY_PHASE_STRIP = NO;
				DEBUG_INFORMATION_FORMAT = dwarf;
				ENABLE_STRICT_OBJC_MSGSEND = YES;
				ENABLE_TESTABILITY = YES;
				GCC_C_LANGUAGE_STANDARD = gnu11;
				GCC_DYNAMIC_NO_PIC = NO;
				GCC_NO_COMMON_BLOCKS = YES;
				GCC_OPTIMIZATION_LEVEL = 0;
				GCC_PREPROCESSOR_DEFINITIONS = (
					"DEBUG=1",
					"$(inherited)",
				);
				GCC_WARN_64_TO_32_BIT_CONVERSION = YES;
				GCC_WARN_ABOUT_RETURN_TYPE = YES_ERROR;
				GCC_WARN_UNDECLARED_SELECTOR = YES;
				GCC_WARN_UNINITIALIZED_AUTOS = YES_AGGRESSIVE;
				GCC_WARN_UNUSED_FUNCTION = YES;
				GCC_WARN_UNUSED_VARIABLE = YES;
				IPHONEOS_DEPLOYMENT_TARGET = 15.4;
				MTL_ENABLE_DEBUG_INFO = INCLUDE_SOURCE;
				MTL_FAST_MATH = YES;
				ONLY_ACTIVE_ARCH = YES;
				SDKROOT = iphoneos;
				SWIFT_ACTIVE_COMPILATION_CONDITIONS = DEBUG;
				SWIFT_OPTIMIZATION_LEVEL = "-Onone";
			};
			name = Debug;
		};
		C7176F1F27F5BE1900F8DF54 /* Release */ = {
			isa = XCBuildConfiguration;
			buildSettings = {
				ALWAYS_SEARCH_USER_PATHS = NO;
				CLANG_ANALYZER_NONNULL = YES;
				CLANG_ANALYZER_NUMBER_OBJECT_CONVERSION = YES_AGGRESSIVE;
				CLANG_CXX_LANGUAGE_STANDARD = "gnu++17";
				CLANG_ENABLE_MODULES = YES;
				CLANG_ENABLE_OBJC_ARC = YES;
				CLANG_ENABLE_OBJC_WEAK = YES;
				CLANG_WARN_BLOCK_CAPTURE_AUTORELEASING = YES;
				CLANG_WARN_BOOL_CONVERSION = YES;
				CLANG_WARN_COMMA = YES;
				CLANG_WARN_CONSTANT_CONVERSION = YES;
				CLANG_WARN_DEPRECATED_OBJC_IMPLEMENTATIONS = YES;
				CLANG_WARN_DIRECT_OBJC_ISA_USAGE = YES_ERROR;
				CLANG_WARN_DOCUMENTATION_COMMENTS = YES;
				CLANG_WARN_EMPTY_BODY = YES;
				CLANG_WARN_ENUM_CONVERSION = YES;
				CLANG_WARN_INFINITE_RECURSION = YES;
				CLANG_WARN_INT_CONVERSION = YES;
				CLANG_WARN_NON_LITERAL_NULL_CONVERSION = YES;
				CLANG_WARN_OBJC_IMPLICIT_RETAIN_SELF = YES;
				CLANG_WARN_OBJC_LITERAL_CONVERSION = YES;
				CLANG_WARN_OBJC_ROOT_CLASS = YES_ERROR;
				CLANG_WARN_QUOTED_INCLUDE_IN_FRAMEWORK_HEADER = YES;
				CLANG_WARN_RANGE_LOOP_ANALYSIS = YES;
				CLANG_WARN_STRICT_PROTOTYPES = YES;
				CLANG_WARN_SUSPICIOUS_MOVE = YES;
				CLANG_WARN_UNGUARDED_AVAILABILITY = YES_AGGRESSIVE;
				CLANG_WARN_UNREACHABLE_CODE = YES;
				CLANG_WARN__DUPLICATE_METHOD_MATCH = YES;
				COPY_PHASE_STRIP = NO;
				DEBUG_INFORMATION_FORMAT = "dwarf-with-dsym";
				ENABLE_NS_ASSERTIONS = NO;
				ENABLE_STRICT_OBJC_MSGSEND = YES;
				GCC_C_LANGUAGE_STANDARD = gnu11;
				GCC_NO_COMMON_BLOCKS = YES;
				GCC_WARN_64_TO_32_BIT_CONVERSION = YES;
				GCC_WARN_ABOUT_RETURN_TYPE = YES_ERROR;
				GCC_WARN_UNDECLARED_SELECTOR = YES;
				GCC_WARN_UNINITIALIZED_AUTOS = YES_AGGRESSIVE;
				GCC_WARN_UNUSED_FUNCTION = YES;
				GCC_WARN_UNUSED_VARIABLE = YES;
				IPHONEOS_DEPLOYMENT_TARGET = 15.4;
				MTL_ENABLE_DEBUG_INFO = NO;
				MTL_FAST_MATH = YES;
				SDKROOT = iphoneos;
				SWIFT_COMPILATION_MODE = wholemodule;
				SWIFT_OPTIMIZATION_LEVEL = "-O";
				VALIDATE_PRODUCT = YES;
			};
			name = Release;
		};
		C7176F2127F5BE1900F8DF54 /* Debug */ = {
			isa = XCBuildConfiguration;
			buildSettings = {
				ASSETCATALOG_COMPILER_APPICON_NAME = AppIcon;
				ASSETCATALOG_COMPILER_GLOBAL_ACCENT_COLOR_NAME = AccentColor;
				CODE_SIGN_STYLE = Automatic;
				CURRENT_PROJECT_VERSION = 1;
				DEVELOPMENT_ASSET_PATHS = "\"CryptoTracker/Preview Content\"";
				ENABLE_PREVIEWS = YES;
				GENERATE_INFOPLIST_FILE = YES;
				INFOPLIST_KEY_UIApplicationSceneManifest_Generation = YES;
				INFOPLIST_KEY_UIApplicationSupportsIndirectInputEvents = YES;
				INFOPLIST_KEY_UILaunchScreen_Generation = YES;
				INFOPLIST_KEY_UISupportedInterfaceOrientations = UIInterfaceOrientationPortrait;
				INFOPLIST_KEY_UISupportedInterfaceOrientations_iPad = UIInterfaceOrientationPortrait;
				INFOPLIST_KEY_UISupportedInterfaceOrientations_iPhone = "UIInterfaceOrientationPortrait UIInterfaceOrientationLandscapeLeft UIInterfaceOrientationLandscapeRight";
				LD_RUNPATH_SEARCH_PATHS = (
					"$(inherited)",
					"@executable_path/Frameworks",
				);
				MARKETING_VERSION = 1.0;
				PRODUCT_BUNDLE_IDENTIFIER = com.isifip.CryptoTracker;
				PRODUCT_NAME = "$(TARGET_NAME)";
				SWIFT_EMIT_LOC_STRINGS = YES;
				SWIFT_VERSION = 5.0;
				TARGETED_DEVICE_FAMILY = "1,2";
			};
			name = Debug;
		};
		C7176F2227F5BE1900F8DF54 /* Release */ = {
			isa = XCBuildConfiguration;
			buildSettings = {
				ASSETCATALOG_COMPILER_APPICON_NAME = AppIcon;
				ASSETCATALOG_COMPILER_GLOBAL_ACCENT_COLOR_NAME = AccentColor;
				CODE_SIGN_STYLE = Automatic;
				CURRENT_PROJECT_VERSION = 1;
				DEVELOPMENT_ASSET_PATHS = "\"CryptoTracker/Preview Content\"";
				ENABLE_PREVIEWS = YES;
				GENERATE_INFOPLIST_FILE = YES;
				INFOPLIST_KEY_UIApplicationSceneManifest_Generation = YES;
				INFOPLIST_KEY_UIApplicationSupportsIndirectInputEvents = YES;
				INFOPLIST_KEY_UILaunchScreen_Generation = YES;
				INFOPLIST_KEY_UISupportedInterfaceOrientations = UIInterfaceOrientationPortrait;
				INFOPLIST_KEY_UISupportedInterfaceOrientations_iPad = UIInterfaceOrientationPortrait;
				INFOPLIST_KEY_UISupportedInterfaceOrientations_iPhone = "UIInterfaceOrientationPortrait UIInterfaceOrientationLandscapeLeft UIInterfaceOrientationLandscapeRight";
				LD_RUNPATH_SEARCH_PATHS = (
					"$(inherited)",
					"@executable_path/Frameworks",
				);
				MARKETING_VERSION = 1.0;
				PRODUCT_BUNDLE_IDENTIFIER = com.isifip.CryptoTracker;
				PRODUCT_NAME = "$(TARGET_NAME)";
				SWIFT_EMIT_LOC_STRINGS = YES;
				SWIFT_VERSION = 5.0;
				TARGETED_DEVICE_FAMILY = "1,2";
			};
			name = Release;
		};
/* End XCBuildConfiguration section */

/* Begin XCConfigurationList section */
		C7176F0D27F5BE1600F8DF54 /* Build configuration list for PBXProject "CryptoTracker" */ = {
			isa = XCConfigurationList;
			buildConfigurations = (
				C7176F1E27F5BE1900F8DF54 /* Debug */,
				C7176F1F27F5BE1900F8DF54 /* Release */,
			);
			defaultConfigurationIsVisible = 0;
			defaultConfigurationName = Release;
		};
		C7176F2027F5BE1900F8DF54 /* Build configuration list for PBXNativeTarget "CryptoTracker" */ = {
			isa = XCConfigurationList;
			buildConfigurations = (
				C7176F2127F5BE1900F8DF54 /* Debug */,
				C7176F2227F5BE1900F8DF54 /* Release */,
			);
			defaultConfigurationIsVisible = 0;
			defaultConfigurationName = Release;
		};
/* End XCConfigurationList section */
	};
	rootObject = C7176F0A27F5BE1600F8DF54 /* Project object */;
}
